
Microsoft Visual Studio Solution File, Format Version 12.00
# Visual Studio Version 16
VisualStudioVersion = 16.0.30711.63
MinimumVisualStudioVersion = 10.0.40219.1
Project("{9A19103F-16F7-4668-BE54-9A1E7A4F7556}") = "AcmeWebStore", "AcmeWebStore\AcmeWebStore.csproj", "{DA7D588B-5291-4B1F-BF4A-E940A8A83254}"
EndProject
Project("{9A19103F-16F7-4668-BE54-9A1E7A4F7556}") = "Library", "Library\Library.csproj", "{7A799E6F-0843-4BAF-A56C-C0DE1C01770E}"
EndProject
Project("{FAE04EC0-301F-11D3-BF4B-00C04F79EFBC}") = "DataAccess", "DataAccess\DataAccess.csproj", "{B3B0DA2B-67B3-41CD-8119-56EA15AF6DA2}"
EndProject
Global
	GlobalSection(SolutionConfigurationPlatforms) = preSolution
		Debug|Any CPU = Debug|Any CPU
		Release|Any CPU = Release|Any CPU
	EndGlobalSection
	GlobalSection(ProjectConfigurationPlatforms) = postSolution
		{DA7D588B-5291-4B1F-BF4A-E940A8A83254}.Debug|Any CPU.ActiveCfg = Debug|Any CPU
		{DA7D588B-5291-4B1F-BF4A-E940A8A83254}.Debug|Any CPU.Build.0 = Debug|Any CPU
		{DA7D588B-5291-4B1F-BF4A-E940A8A83254}.Release|Any CPU.ActiveCfg = Release|Any CPU
		{DA7D588B-5291-4B1F-BF4A-E940A8A83254}.Release|Any CPU.Build.0 = Release|Any CPU
		{7A799E6F-0843-4BAF-A56C-C0DE1C01770E}.Debug|Any CPU.ActiveCfg = Debug|Any CPU
		{7A799E6F-0843-4BAF-A56C-C0DE1C01770E}.Debug|Any CPU.Build.0 = Debug|Any CPU
		{7A799E6F-0843-4BAF-A56C-C0DE1C01770E}.Release|Any CPU.ActiveCfg = Release|Any CPU
		{7A799E6F-0843-4BAF-A56C-C0DE1C01770E}.Release|Any CPU.Build.0 = Release|Any CPU
		{B3B0DA2B-67B3-41CD-8119-56EA15AF6DA2}.Debug|Any CPU.ActiveCfg = Debug|Any CPU
		{B3B0DA2B-67B3-41CD-8119-56EA15AF6DA2}.Debug|Any CPU.Build.0 = Debug|Any CPU
		{B3B0DA2B-67B3-41CD-8119-56EA15AF6DA2}.Release|Any CPU.ActiveCfg = Release|Any CPU
		{B3B0DA2B-67B3-41CD-8119-56EA15AF6DA2}.Release|Any CPU.Build.0 = Release|Any CPU
	EndGlobalSection
	GlobalSection(SolutionProperties) = preSolution
		HideSolutionNode = FALSE
	EndGlobalSection
	GlobalSection(ExtensibilityGlobals) = postSolution
		SolutionGuid = {6C32554E-9F8E-4534-B7F0-3F04D822959E}
	EndGlobalSection
EndGlobal
